
Microsoft Visual Studio Solution File, Format Version 12.00
# Visual Studio Version 17
VisualStudioVersion = 17.14.36811.4 d17.14
MinimumVisualStudioVersion = 10.0.40219.1
Project("{FAE04EC0-301F-11D3-BF4B-00C04F79EFBC}") = "LittleFeed", "LittleFeed.csproj", "{8B103710-FD76-430A-B532-7E236E47C734}"
EndProject
Global
	GlobalSection(SolutionConfigurationPlatforms) = preSolution
		Debug|Any CPU = Debug|Any CPU
		Release|Any CPU = Release|Any CPU
	EndGlobalSection
	GlobalSection(ProjectConfigurationPlatforms) = postSolution
		{8B103710-FD76-430A-B532-7E236E47C734}.Debug|Any CPU.ActiveCfg = Debug|Any CPU
		{8B103710-FD76-430A-B532-7E236E47C734}.Debug|Any CPU.Build.0 = Debug|Any CPU
		{8B103710-FD76-430A-B532-7E236E47C734}.Release|Any CPU.ActiveCfg = Release|Any CPU
		{8B103710-FD76-430A-B532-7E236E47C734}.Release|Any CPU.Build.0 = Release|Any CPU
	EndGlobalSection
	GlobalSection(SolutionProperties) = preSolution
		HideSolutionNode = FALSE
	EndGlobalSection
	GlobalSection(ExtensibilityGlobals) = postSolution
		SolutionGuid = {62FAEDA2-4659-45F2-873A-80A7E0B7B88B}
	EndGlobalSection
EndGlobal
